// !$*UTF8*$!
{
	archiveVersion = 1;
	classes = {
	};
	objectVersion = 46;
	objects = {

/* Begin PBXBuildFile section */
		7B01716B1BE862E90079F86B /* ParseClient.swift in Sources */ = {isa = PBXBuildFile; fileRef = 7B01716A1BE862E90079F86B /* ParseClient.swift */; settings = {ASSET_TAGS = (); }; };
		7B057E681BF319FB0049F4E9 /* StudentInformation.swift in Sources */ = {isa = PBXBuildFile; fileRef = 7B057E671BF319FB0049F4E9 /* StudentInformation.swift */; settings = {ASSET_TAGS = (); }; };
		7B3A35081BF02E9D008A8FA2 /* UdacityConstants.swift in Sources */ = {isa = PBXBuildFile; fileRef = 7B3A35071BF02E9D008A8FA2 /* UdacityConstants.swift */; settings = {ASSET_TAGS = (); }; };
		7B3A350A1BF18A71008A8FA2 /* ParseConvenience.swift in Sources */ = {isa = PBXBuildFile; fileRef = 7B3A35091BF18A71008A8FA2 /* ParseConvenience.swift */; settings = {ASSET_TAGS = (); }; };
		7B3A350C1BF18D4C008A8FA2 /* ParseConstants.swift in Sources */ = {isa = PBXBuildFile; fileRef = 7B3A350B1BF18D4C008A8FA2 /* ParseConstants.swift */; settings = {ASSET_TAGS = (); }; };
		7B911BE71BE34F2000902FD8 /* AppDelegate.swift in Sources */ = {isa = PBXBuildFile; fileRef = 7B911BE61BE34F2000902FD8 /* AppDelegate.swift */; };
		7B911BE91BE34F2000902FD8 /* MapViewController.swift in Sources */ = {isa = PBXBuildFile; fileRef = 7B911BE81BE34F2000902FD8 /* MapViewController.swift */; };
		7B911BEC1BE34F2000902FD8 /* Main.storyboard in Resources */ = {isa = PBXBuildFile; fileRef = 7B911BEA1BE34F2000902FD8 /* Main.storyboard */; };
		7B911BEE1BE34F2000902FD8 /* Assets.xcassets in Resources */ = {isa = PBXBuildFile; fileRef = 7B911BED1BE34F2000902FD8 /* Assets.xcassets */; };
		7B911BF11BE34F2000902FD8 /* LaunchScreen.storyboard in Resources */ = {isa = PBXBuildFile; fileRef = 7B911BEF1BE34F2000902FD8 /* LaunchScreen.storyboard */; };
		7B911BFA1BE357ED00902FD8 /* LoginViewController.swift in Sources */ = {isa = PBXBuildFile; fileRef = 7B911BF91BE357ED00902FD8 /* LoginViewController.swift */; settings = {ASSET_TAGS = (); }; };
		7B911BFF1BE4466100902FD8 /* UdacityClient.swift in Sources */ = {isa = PBXBuildFile; fileRef = 7B911BFE1BE4466100902FD8 /* UdacityClient.swift */; settings = {ASSET_TAGS = (); }; };
		7B911C011BE4520800902FD8 /* UdacityConvenience.swift in Sources */ = {isa = PBXBuildFile; fileRef = 7B911C001BE4520800902FD8 /* UdacityConvenience.swift */; settings = {ASSET_TAGS = (); }; };
		7BF7D3E11BE99D7C00EDAC7D /* StudentListViewController.swift in Sources */ = {isa = PBXBuildFile; fileRef = 7BF7D3E01BE99D7C00EDAC7D /* StudentListViewController.swift */; settings = {ASSET_TAGS = (); }; };
		7BF7D3E31BEF06C400EDAC7D /* InformationPostingViewController.swift in Sources */ = {isa = PBXBuildFile; fileRef = 7BF7D3E21BEF06C400EDAC7D /* InformationPostingViewController.swift */; settings = {ASSET_TAGS = (); }; };
/* End PBXBuildFile section */

/* Begin PBXFileReference section */
		7B01716A1BE862E90079F86B /* ParseClient.swift */ = {isa = PBXFileReference; fileEncoding = 4; lastKnownFileType = sourcecode.swift; path = ParseClient.swift; sourceTree = "<group>"; };
		7B057E671BF319FB0049F4E9 /* StudentInformation.swift */ = {isa = PBXFileReference; fileEncoding = 4; lastKnownFileType = sourcecode.swift; path = StudentInformation.swift; sourceTree = "<group>"; };
		7B3A35071BF02E9D008A8FA2 /* UdacityConstants.swift */ = {isa = PBXFileReference; fileEncoding = 4; lastKnownFileType = sourcecode.swift; path = UdacityConstants.swift; sourceTree = "<group>"; };
		7B3A35091BF18A71008A8FA2 /* ParseConvenience.swift */ = {isa = PBXFileReference; fileEncoding = 4; lastKnownFileType = sourcecode.swift; path = ParseConvenience.swift; sourceTree = "<group>"; };
		7B3A350B1BF18D4C008A8FA2 /* ParseConstants.swift */ = {isa = PBXFileReference; fileEncoding = 4; lastKnownFileType = sourcecode.swift; path = ParseConstants.swift; sourceTree = "<group>"; };
		7B911BE31BE34F2000902FD8 /* OnTheMap.app */ = {isa = PBXFileReference; explicitFileType = wrapper.application; includeInIndex = 0; path = OnTheMap.app; sourceTree = BUILT_PRODUCTS_DIR; };
		7B911BE61BE34F2000902FD8 /* AppDelegate.swift */ = {isa = PBXFileReference; lastKnownFileType = sourcecode.swift; path = AppDelegate.swift; sourceTree = "<group>"; };
		7B911BE81BE34F2000902FD8 /* MapViewController.swift */ = {isa = PBXFileReference; lastKnownFileType = sourcecode.swift; path = MapViewController.swift; sourceTree = "<group>"; };
		7B911BEB1BE34F2000902FD8 /* Base */ = {isa = PBXFileReference; lastKnownFileType = file.storyboard; name = Base; path = Base.lproj/Main.storyboard; sourceTree = "<group>"; };
		7B911BED1BE34F2000902FD8 /* Assets.xcassets */ = {isa = PBXFileReference; lastKnownFileType = folder.assetcatalog; path = Assets.xcassets; sourceTree = "<group>"; };
		7B911BF01BE34F2000902FD8 /* Base */ = {isa = PBXFileReference; lastKnownFileType = file.storyboard; name = Base; path = Base.lproj/LaunchScreen.storyboard; sourceTree = "<group>"; };
		7B911BF21BE34F2000902FD8 /* Info.plist */ = {isa = PBXFileReference; lastKnownFileType = text.plist.xml; path = Info.plist; sourceTree = "<group>"; };
		7B911BF91BE357ED00902FD8 /* LoginViewController.swift */ = {isa = PBXFileReference; fileEncoding = 4; lastKnownFileType = sourcecode.swift; path = LoginViewController.swift; sourceTree = "<group>"; };
		7B911BFE1BE4466100902FD8 /* UdacityClient.swift */ = {isa = PBXFileReference; fileEncoding = 4; lastKnownFileType = sourcecode.swift; path = UdacityClient.swift; sourceTree = "<group>"; };
		7B911C001BE4520800902FD8 /* UdacityConvenience.swift */ = {isa = PBXFileReference; fileEncoding = 4; lastKnownFileType = sourcecode.swift; path = UdacityConvenience.swift; sourceTree = "<group>"; };
		7BF7D3E01BE99D7C00EDAC7D /* StudentListViewController.swift */ = {isa = PBXFileReference; fileEncoding = 4; lastKnownFileType = sourcecode.swift; path = StudentListViewController.swift; sourceTree = "<group>"; };
		7BF7D3E21BEF06C400EDAC7D /* InformationPostingViewController.swift */ = {isa = PBXFileReference; fileEncoding = 4; lastKnownFileType = sourcecode.swift; path = InformationPostingViewController.swift; sourceTree = "<group>"; };
/* End PBXFileReference section */

/* Begin PBXFrameworksBuildPhase section */
		7B911BE01BE34F2000902FD8 /* Frameworks */ = {
			isa = PBXFrameworksBuildPhase;
			buildActionMask = 2147483647;
			files = (
			);
			runOnlyForDeploymentPostprocessing = 0;
		};
/* End PBXFrameworksBuildPhase section */

/* Begin PBXGroup section */
		7B0171691BE862A90079F86B /* Parse */ = {
			isa = PBXGroup;
			children = (
				7B01716A1BE862E90079F86B /* ParseClient.swift */,
				7B3A35091BF18A71008A8FA2 /* ParseConvenience.swift */,
				7B3A350B1BF18D4C008A8FA2 /* ParseConstants.swift */,
			);
			name = Parse;
			sourceTree = "<group>";
		};
		7B911BDA1BE34F2000902FD8 = {
			isa = PBXGroup;
			children = (
				7B911BE51BE34F2000902FD8 /* OnTheMap */,
				7B911BE41BE34F2000902FD8 /* Products */,
			);
			sourceTree = "<group>";
		};
		7B911BE41BE34F2000902FD8 /* Products */ = {
			isa = PBXGroup;
			children = (
				7B911BE31BE34F2000902FD8 /* OnTheMap.app */,
			);
			name = Products;
			sourceTree = "<group>";
		};
		7B911BE51BE34F2000902FD8 /* OnTheMap */ = {
			isa = PBXGroup;
			children = (
				7B911BFB1BE4462E00902FD8 /* Model */,
				7B911BE61BE34F2000902FD8 /* AppDelegate.swift */,
				7B057E671BF319FB0049F4E9 /* StudentInformation.swift */,
				7B911BF81BE357C400902FD8 /* Controller */,
				7B911BEA1BE34F2000902FD8 /* Main.storyboard */,
				7B911BED1BE34F2000902FD8 /* Assets.xcassets */,
				7B911BEF1BE34F2000902FD8 /* LaunchScreen.storyboard */,
				7B911BF21BE34F2000902FD8 /* Info.plist */,
			);
			path = OnTheMap;
			sourceTree = "<group>";
		};
		7B911BF81BE357C400902FD8 /* Controller */ = {
			isa = PBXGroup;
			children = (
				7B911BF91BE357ED00902FD8 /* LoginViewController.swift */,
				7B911BE81BE34F2000902FD8 /* MapViewController.swift */,
				7BF7D3E01BE99D7C00EDAC7D /* StudentListViewController.swift */,
				7BF7D3E21BEF06C400EDAC7D /* InformationPostingViewController.swift */,
			);
			name = Controller;
			sourceTree = "<group>";
		};
		7B911BFB1BE4462E00902FD8 /* Model */ = {
			isa = PBXGroup;
			children = (
				7B911BFC1BE4463A00902FD8 /* Client */,
			);
			name = Model;
			sourceTree = "<group>";
		};
		7B911BFC1BE4463A00902FD8 /* Client */ = {
			isa = PBXGroup;
			children = (
				7B0171691BE862A90079F86B /* Parse */,
				7B911BFD1BE4464200902FD8 /* Udacity */,
			);
			name = Client;
			sourceTree = "<group>";
		};
		7B911BFD1BE4464200902FD8 /* Udacity */ = {
			isa = PBXGroup;
			children = (
				7B911BFE1BE4466100902FD8 /* UdacityClient.swift */,
				7B3A35071BF02E9D008A8FA2 /* UdacityConstants.swift */,
				7B911C001BE4520800902FD8 /* UdacityConvenience.swift */,
			);
			name = Udacity;
			sourceTree = "<group>";
		};
/* End PBXGroup section */

/* Begin PBXNativeTarget section */
		7B911BE21BE34F2000902FD8 /* OnTheMap */ = {
			isa = PBXNativeTarget;
			buildConfigurationList = 7B911BF51BE34F2000902FD8 /* Build configuration list for PBXNativeTarget "OnTheMap" */;
			buildPhases = (
				7B911BDF1BE34F2000902FD8 /* Sources */,
				7B911BE01BE34F2000902FD8 /* Frameworks */,
				7B911BE11BE34F2000902FD8 /* Resources */,
			);
			buildRules = (
			);
			dependencies = (
			);
			name = OnTheMap;
			productName = OnTheMap;
			productReference = 7B911BE31BE34F2000902FD8 /* OnTheMap.app */;
			productType = "com.apple.product-type.application";
		};
/* End PBXNativeTarget section */

/* Begin PBXProject section */
		7B911BDB1BE34F2000902FD8 /* Project object */ = {
			isa = PBXProject;
			attributes = {
				LastUpgradeCheck = 0700;
				ORGANIZATIONNAME = "Jonathan Chou";
				TargetAttributes = {
					7B911BE21BE34F2000902FD8 = {
						CreatedOnToolsVersion = 7.0;
						DevelopmentTeam = UH8N68H8CG;
					};
				};
			};
			buildConfigurationList = 7B911BDE1BE34F2000902FD8 /* Build configuration list for PBXProject "OnTheMap" */;
			compatibilityVersion = "Xcode 3.2";
			developmentRegion = English;
			hasScannedForEncodings = 0;
			knownRegions = (
				en,
				Base,
			);
			mainGroup = 7B911BDA1BE34F2000902FD8;
			productRefGroup = 7B911BE41BE34F2000902FD8 /* Products */;
			projectDirPath = "";
			projectRoot = "";
			targets = (
				7B911BE21BE34F2000902FD8 /* OnTheMap */,
			);
		};
/* End PBXProject section */

/* Begin PBXResourcesBuildPhase section */
		7B911BE11BE34F2000902FD8 /* Resources */ = {
			isa = PBXResourcesBuildPhase;
			buildActionMask = 2147483647;
			files = (
				7B911BF11BE34F2000902FD8 /* LaunchScreen.storyboard in Resources */,
				7B911BEE1BE34F2000902FD8 /* Assets.xcassets in Resources */,
				7B911BEC1BE34F2000902FD8 /* Main.storyboard in Resources */,
			);
			runOnlyForDeploymentPostprocessing = 0;
		};
/* End PBXResourcesBuildPhase section */

/* Begin PBXSourcesBuildPhase section */
		7B911BDF1BE34F2000902FD8 /* Sources */ = {
			isa = PBXSourcesBuildPhase;
			buildActionMask = 2147483647;
			files = (
				7B057E681BF319FB0049F4E9 /* StudentInformation.swift in Sources */,
				7BF7D3E11BE99D7C00EDAC7D /* StudentListViewController.swift in Sources */,
				7B01716B1BE862E90079F86B /* ParseClient.swift in Sources */,
				7B3A350C1BF18D4C008A8FA2 /* ParseConstants.swift in Sources */,
				7BF7D3E31BEF06C400EDAC7D /* InformationPostingViewController.swift in Sources */,
				7B911BFF1BE4466100902FD8 /* UdacityClient.swift in Sources */,
				7B911BFA1BE357ED00902FD8 /* LoginViewController.swift in Sources */,
				7B3A350A1BF18A71008A8FA2 /* ParseConvenience.swift in Sources */,
				7B3A35081BF02E9D008A8FA2 /* UdacityConstants.swift in Sources */,
				7B911BE91BE34F2000902FD8 /* MapViewController.swift in Sources */,
				7B911C011BE4520800902FD8 /* UdacityConvenience.swift in Sources */,
				7B911BE71BE34F2000902FD8 /* AppDelegate.swift in Sources */,
			);
			runOnlyForDeploymentPostprocessing = 0;
		};
/* End PBXSourcesBuildPhase section */

/* Begin PBXVariantGroup section */
		7B911BEA1BE34F2000902FD8 /* Main.storyboard */ = {
			isa = PBXVariantGroup;
			children = (
				7B911BEB1BE34F2000902FD8 /* Base */,
			);
			name = Main.storyboard;
			sourceTree = "<group>";
		};
		7B911BEF1BE34F2000902FD8 /* LaunchScreen.storyboard */ = {
			isa = PBXVariantGroup;
			children = (
				7B911BF01BE34F2000902FD8 /* Base */,
			);
			name = LaunchScreen.storyboard;
			sourceTree = "<group>";
		};
/* End PBXVariantGroup section */

/* Begin XCBuildConfiguration section */
		7B911BF31BE34F2000902FD8 /* Debug */ = {
			isa = XCBuildConfiguration;
			buildSettings = {
				ALWAYS_SEARCH_USER_PATHS = NO;
				CLANG_CXX_LANGUAGE_STANDARD = "gnu++0x";
				CLANG_CXX_LIBRARY = "libc++";
				CLANG_ENABLE_MODULES = YES;
				CLANG_ENABLE_OBJC_ARC = YES;
				CLANG_WARN_BOOL_CONVERSION = YES;
				CLANG_WARN_CONSTANT_CONVERSION = YES;
				CLANG_WARN_DIRECT_OBJC_ISA_USAGE = YES_ERROR;
				CLANG_WARN_EMPTY_BODY = YES;
				CLANG_WARN_ENUM_CONVERSION = YES;
				CLANG_WARN_INT_CONVERSION = YES;
				CLANG_WARN_OBJC_ROOT_CLASS = YES_ERROR;
				CLANG_WARN_UNREACHABLE_CODE = YES;
				CLANG_WARN__DUPLICATE_METHOD_MATCH = YES;
				"CODE_SIGN_IDENTITY[sdk=iphoneos*]" = "iPhone Developer";
				COPY_PHASE_STRIP = NO;
				DEBUG_INFORMATION_FORMAT = dwarf;
				ENABLE_STRICT_OBJC_MSGSEND = YES;
				ENABLE_TESTABILITY = YES;
				GCC_C_LANGUAGE_STANDARD = gnu99;
				GCC_DYNAMIC_NO_PIC = NO;
				GCC_NO_COMMON_BLOCKS = YES;
				GCC_OPTIMIZATION_LEVEL = 0;
				GCC_PREPROCESSOR_DEFINITIONS = (
					"DEBUG=1",
					"$(inherited)",
				);
				GCC_WARN_64_TO_32_BIT_CONVERSION = YES;
				GCC_WARN_ABOUT_RETURN_TYPE = YES_ERROR;
				GCC_WARN_UNDECLARED_SELECTOR = YES;
				GCC_WARN_UNINITIALIZED_AUTOS = YES_AGGRESSIVE;
				GCC_WARN_UNUSED_FUNCTION = YES;
				GCC_WARN_UNUSED_VARIABLE = YES;
				IPHONEOS_DEPLOYMENT_TARGET = 9.0;
				MTL_ENABLE_DEBUG_INFO = YES;
				ONLY_ACTIVE_ARCH = YES;
				SDKROOT = iphoneos;
				SWIFT_OPTIMIZATION_LEVEL = "-Onone";
			};
			name = Debug;
		};
		7B911BF41BE34F2000902FD8 /* Release */ = {
			isa = XCBuildConfiguration;
			buildSettings = {
				ALWAYS_SEARCH_USER_PATHS = NO;
				CLANG_CXX_LANGUAGE_STANDARD = "gnu++0x";
				CLANG_CXX_LIBRARY = "libc++";
				CLANG_ENABLE_MODULES = YES;
				CLANG_ENABLE_OBJC_ARC = YES;
				CLANG_WARN_BOOL_CONVERSION = YES;
				CLANG_WARN_CONSTANT_CONVERSION = YES;
				CLANG_WARN_DIRECT_OBJC_ISA_USAGE = YES_ERROR;
				CLANG_WARN_EMPTY_BODY = YES;
				CLANG_WARN_ENUM_CONVERSION = YES;
				CLANG_WARN_INT_CONVERSION = YES;
				CLANG_WARN_OBJC_ROOT_CLASS = YES_ERROR;
				CLANG_WARN_UNREACHABLE_CODE = YES;
				CLANG_WARN__DUPLICATE_METHOD_MATCH = YES;
				"CODE_SIGN_IDENTITY[sdk=iphoneos*]" = "iPhone Developer";
				COPY_PHASE_STRIP = NO;
				DEBUG_INFORMATION_FORMAT = "dwarf-with-dsym";
				ENABLE_NS_ASSERTIONS = NO;
				ENABLE_STRICT_OBJC_MSGSEND = YES;
				GCC_C_LANGUAGE_STANDARD = gnu99;
				GCC_NO_COMMON_BLOCKS = YES;
				GCC_WARN_64_TO_32_BIT_CONVERSION = YES;
				GCC_WARN_ABOUT_RETURN_TYPE = YES_ERROR;
				GCC_WARN_UNDECLARED_SELECTOR = YES;
				GCC_WARN_UNINITIALIZED_AUTOS = YES_AGGRESSIVE;
				GCC_WARN_UNUSED_FUNCTION = YES;
				GCC_WARN_UNUSED_VARIABLE = YES;
				IPHONEOS_DEPLOYMENT_TARGET = 9.0;
				MTL_ENABLE_DEBUG_INFO = NO;
				SDKROOT = iphoneos;
				VALIDATE_PRODUCT = YES;
			};
			name = Release;
		};
		7B911BF61BE34F2000902FD8 /* Debug */ = {
			isa = XCBuildConfiguration;
			buildSettings = {
				ASSETCATALOG_COMPILER_APPICON_NAME = AppIcon;
				INFOPLIST_FILE = OnTheMap/Info.plist;
				LD_RUNPATH_SEARCH_PATHS = "$(inherited) @executable_path/Frameworks";
				PRODUCT_BUNDLE_IDENTIFIER = com.JonathanChou.OnTheMap;
				PRODUCT_NAME = "$(TARGET_NAME)";
			};
			name = Debug;
		};
		7B911BF71BE34F2000902FD8 /* Release */ = {
			isa = XCBuildConfiguration;
			buildSettings = {
				ASSETCATALOG_COMPILER_APPICON_NAME = AppIcon;
				INFOPLIST_FILE = OnTheMap/Info.plist;
				LD_RUNPATH_SEARCH_PATHS = "$(inherited) @executable_path/Frameworks";
				PRODUCT_BUNDLE_IDENTIFIER = com.JonathanChou.OnTheMap;
				PRODUCT_NAME = "$(TARGET_NAME)";
			};
			name = Release;
		};
/* End XCBuildConfiguration section */

/* Begin XCConfigurationList section */
		7B911BDE1BE34F2000902FD8 /* Build configuration list for PBXProject "OnTheMap" */ = {
			isa = XCConfigurationList;
			buildConfigurations = (
				7B911BF31BE34F2000902FD8 /* Debug */,
				7B911BF41BE34F2000902FD8 /* Release */,
			);
			defaultConfigurationIsVisible = 0;
			defaultConfigurationName = Release;
		};
		7B911BF51BE34F2000902FD8 /* Build configuration list for PBXNativeTarget "OnTheMap" */ = {
			isa = XCConfigurationList;
			buildConfigurations = (
				7B911BF61BE34F2000902FD8 /* Debug */,
				7B911BF71BE34F2000902FD8 /* Release */,
			);
			defaultConfigurationIsVisible = 0;
			defaultConfigurationName = Release;
		};
/* End XCConfigurationList section */
	};
	rootObject = 7B911BDB1BE34F2000902FD8 /* Project object */;
}
